
Microsoft Visual Studio Solution File, Format Version 12.00
# Visual Studio 15
VisualStudioVersion = 15.0.27428.2015
MinimumVisualStudioVersion = 10.0.40219.1
Project("{FAE04EC0-301F-11D3-BF4B-00C04F79EFBC}") = "ServerUC", "ServerUC\ServerUC.csproj", "{FACB5E2F-308B-4710-8ACA-92A7402809C3}"
EndProject
Global
	GlobalSection(SolutionConfigurationPlatforms) = preSolution
		Debug|Any CPU = Debug|Any CPU
		Release|Any CPU = Release|Any CPU
	EndGlobalSection
	GlobalSection(ProjectConfigurationPlatforms) = postSolution
		{FACB5E2F-308B-4710-8ACA-92A7402809C3}.Debug|Any CPU.ActiveCfg = Debug|Any CPU
		{FACB5E2F-308B-4710-8ACA-92A7402809C3}.Debug|Any CPU.Build.0 = Debug|Any CPU
		{FACB5E2F-308B-4710-8ACA-92A7402809C3}.Release|Any CPU.ActiveCfg = Release|Any CPU
		{FACB5E2F-308B-4710-8ACA-92A7402809C3}.Release|Any CPU.Build.0 = Release|Any CPU
	EndGlobalSection
	GlobalSection(SolutionProperties) = preSolution
		HideSolutionNode = FALSE
	EndGlobalSection
	GlobalSection(ExtensibilityGlobals) = postSolution
		SolutionGuid = {63B43D1A-0FB1-4613-8E3B-1FD2E29305B3}
	EndGlobalSection
EndGlobal
